
Microsoft Visual Studio Solution File, Format Version 12.00
# Visual Studio Version 18
VisualStudioVersion = 18.6.11822.322 stable
MinimumVisualStudioVersion = 10.0.40219.1
Project("{FAE04EC0-301F-11D3-BF4B-00C04F79EFBC}") = "TechStoreWinApp", "TechStoreWinApp.csproj", "{29839D97-4F0E-4627-A6F9-82CE9EAE265F}"
EndProject
Global
	GlobalSection(SolutionConfigurationPlatforms) = preSolution
		Debug|Any CPU = Debug|Any CPU
		Release|Any CPU = Release|Any CPU
	EndGlobalSection
	GlobalSection(ProjectConfigurationPlatforms) = postSolution
		{29839D97-4F0E-4627-A6F9-82CE9EAE265F}.Debug|Any CPU.ActiveCfg = Debug|Any CPU
		{29839D97-4F0E-4627-A6F9-82CE9EAE265F}.Debug|Any CPU.Build.0 = Debug|Any CPU
		{29839D97-4F0E-4627-A6F9-82CE9EAE265F}.Release|Any CPU.ActiveCfg = Release|Any CPU
		{29839D97-4F0E-4627-A6F9-82CE9EAE265F}.Release|Any CPU.Build.0 = Release|Any CPU
	EndGlobalSection
	GlobalSection(SolutionProperties) = preSolution
		HideSolutionNode = FALSE
	EndGlobalSection
	GlobalSection(ExtensibilityGlobals) = postSolution
		SolutionGuid = {F5F61AB2-7A09-48B6-B207-12D98500E309}
	EndGlobalSection
EndGlobal
